
Microsoft Visual Studio Solution File, Format Version 12.00
# Visual Studio 15
VisualStudioVersion = 15.0.27428.2043
MinimumVisualStudioVersion = 10.0.40219.1
Project("{FAE04EC0-301F-11D3-BF4B-00C04F79EFBC}") = "ABCosmetic", "ABCosmetic\ABCosmetic.csproj", "{0BF0BC79-F483-4A35-808A-F87676A17092}"
EndProject
Global
	GlobalSection(SolutionConfigurationPlatforms) = preSolution
		Debug|Any CPU = Debug|Any CPU
		Release|Any CPU = Release|Any CPU
	EndGlobalSection
	GlobalSection(ProjectConfigurationPlatforms) = postSolution
		{0BF0BC79-F483-4A35-808A-F87676A17092}.Debug|Any CPU.ActiveCfg = Debug|Any CPU
		{0BF0BC79-F483-4A35-808A-F87676A17092}.Debug|Any CPU.Build.0 = Debug|Any CPU
		{0BF0BC79-F483-4A35-808A-F87676A17092}.Release|Any CPU.ActiveCfg = Release|Any CPU
		{0BF0BC79-F483-4A35-808A-F87676A17092}.Release|Any CPU.Build.0 = Release|Any CPU
	EndGlobalSection
	GlobalSection(SolutionProperties) = preSolution
		HideSolutionNode = FALSE
	EndGlobalSection
	GlobalSection(ExtensibilityGlobals) = postSolution
		SolutionGuid = {39BDB46A-5FB5-4F39-BAFD-3BA0E23708ED}
	EndGlobalSection
EndGlobal
